{
  "name": "highcharts-chart",
  "version": "v3.0.6",
  "lockfileVersion": 2,
  "requires": true,
  "packages": {
    "": {
      "name": "highcharts-chart",
      "version": "v3.0.6",
      "license": "MIT",
      "dependencies": {
        "@polymer/polymer": "^3.4.1",
        "highcharts": "^9.0.0"
      },
      "devDependencies": {
        "@polymer/iron-demo-helpers": "^3.1.0",
        "@webcomponents/webcomponentsjs": "^2.4.4"
      }
    },
    "node_modules/@polymer/font-roboto": {
      "version": "3.0.2",
      "resolved": "https://registry.npmjs.org/@polymer/font-roboto/-/font-roboto-3.0.2.tgz",
      "integrity": "sha512-tx5TauYSmzsIvmSqepUPDYbs4/Ejz2XbZ1IkD7JEGqkdNUJlh+9KU85G56Tfdk/xjEZ8zorFfN09OSwiMrIQWA==",
      "dev": true
    },
    "node_modules/@polymer/iron-demo-helpers": {
      "version": "3.1.0",
      "resolved": "https://registry.npmjs.org/@polymer/iron-demo-helpers/-/iron-demo-helpers-3.1.0.tgz",
      "integrity": "sha512-C+U9ghRnjluJNLIga7r30YGNuQeCu7E7mOOcjgWOL/bMfWvrnbr2TcYoO4DXHO6NdUfV6daGtRA1VwG3d8H39g==",
      "dev": true,
      "dependencies": {
        "@polymer/font-roboto": "^3.0.0-pre.25",
        "@polymer/iron-flex-layout": "^3.0.0-pre.25",
        "@polymer/iron-location": "^3.0.0-pre.25",
        "@polymer/marked-element": "^3.0.0-pre.25",
        "@polymer/polymer": "^3.0.0",
        "@polymer/prism-element": "^3.0.0-pre.25"
      }
    },
    "node_modules/@polymer/iron-flex-layout": {
      "version": "3.0.1",
      "resolved": "https://registry.npmjs.org/@polymer/iron-flex-layout/-/iron-flex-layout-3.0.1.tgz",
      "integrity": "sha512-7gB869czArF+HZcPTVSgvA7tXYFze9EKckvM95NB7SqYF+NnsQyhoXgKnpFwGyo95lUjUW9TFDLUwDXnCYFtkw==",
      "dev": true,
      "dependencies": {
        "@polymer/polymer": "^3.0.0"
      }
    },
    "node_modules/@polymer/iron-location": {
      "version": "3.0.2",
      "resolved": "https://registry.npmjs.org/@polymer/iron-location/-/iron-location-3.0.2.tgz",
      "integrity": "sha512-75XlPsrm6RQUPNzWWaA0TnTQaWZUYX8UB4Q6WCjikKWzmaSCCxlBrVVYf8WRqtCxw/PeCvLn5kGL6qhTlNTCEA==",
      "dev": true,
      "dependencies": {
        "@polymer/polymer": "^3.0.0"
      }
    },
    "node_modules/@polymer/marked-element": {
      "version": "3.0.1",
      "resolved": "https://registry.npmjs.org/@polymer/marked-element/-/marked-element-3.0.1.tgz",
      "integrity": "sha512-WJQzQetxdStVGQbyTBUBgd+hSI0Rl39uJg7b2zL3r6EfMnibzmA/YNT06M8jVZdxPF+B4SumrFWRtasVtGQRUQ==",
      "dev": true,
      "dependencies": {
        "@polymer/polymer": "^3.0.0",
        "marked": "~0.3.9"
      }
    },
    "node_modules/@polymer/polymer": {
      "version": "3.4.1",
      "resolved": "https://registry.npmjs.org/@polymer/polymer/-/polymer-3.4.1.tgz",
      "integrity": "sha512-KPWnhDZibtqKrUz7enIPOiO4ZQoJNOuLwqrhV2MXzIt3VVnUVJVG5ORz4Z2sgO+UZ+/UZnPD0jqY+jmw/+a9mQ==",
      "dependencies": {
        "@webcomponents/shadycss": "^1.9.1"
      }
    },
    "node_modules/@polymer/prism-element": {
      "version": "3.0.1",
      "resolved": "https://registry.npmjs.org/@polymer/prism-element/-/prism-element-3.0.1.tgz",
      "integrity": "sha512-mam3oZZwVoxmC8i2srCxaTsvCqZF2HX4yxbm1JN9OGZS2JMwu7bnjjk7O8haoj9u6w+ocUi+vTLjYeIIoPx7vQ==",
      "dev": true,
      "dependencies": {
        "@polymer/polymer": "^3.0.0",
        "prismjs": "^1.11.0"
      }
    },
    "node_modules/@webcomponents/shadycss": {
      "version": "1.10.2",
      "resolved": "https://registry.npmjs.org/@webcomponents/shadycss/-/shadycss-1.10.2.tgz",
      "integrity": "sha512-9Iseu8bRtecb0klvv+WXZOVZatsRkbaH7M97Z+f+Pt909R4lDfgUODAnra23DOZTpeMTAkVpf4m/FZztN7Ox1A=="
    },
    "node_modules/@webcomponents/webcomponentsjs": {
      "version": "2.5.0",
      "resolved": "https://registry.npmjs.org/@webcomponents/webcomponentsjs/-/webcomponentsjs-2.5.0.tgz",
      "integrity": "sha512-C0l51MWQZ9kLzcxOZtniOMohpIFdCLZum7/TEHv3XWFc1Fvt5HCpbSX84x8ltka/JuNKcuiDnxXFkiB2gaePcg==",
      "dev": true
    },
    "node_modules/highcharts": {
      "version": "9.1.2",
      "resolved": "https://registry.npmjs.org/highcharts/-/highcharts-9.1.2.tgz",
      "integrity": "sha512-RwCnJnxAUCGG4R/WDG+QP/4VJNtOpkQTkXcuf58DjDvm9ZILplSMdZvrbMRC9Y9ecuJQCjjZsiifvyS5E2IBvQ=="
    },
    "node_modules/marked": {
      "version": "0.3.19",
      "resolved": "https://registry.npmjs.org/marked/-/marked-0.3.19.tgz",
      "integrity": "sha512-ea2eGWOqNxPcXv8dyERdSr/6FmzvWwzjMxpfGB/sbMccXoct+xY+YukPD+QTUZwyvK7BZwcr4m21WBOW41pAkg==",
      "dev": true,
      "bin": {
        "marked": "bin/marked"
      },
      "engines": {
        "node": ">=0.10.0"
      }
    },
    "node_modules/prismjs": {
      "version": "1.30.0",
      "resolved": "https://registry.npmjs.org/prismjs/-/prismjs-1.30.0.tgz",
      "integrity": "sha512-DEvV2ZF2r2/63V+tK8hQvrR2ZGn10srHbXviTlcv7Kpzw8jWiNTqbVgjO3IY8RxrrOUF8VPMQQFysYYYv0YZxw==",
      "dev": true,
      "license": "MIT",
      "engines": {
        "node": ">=6"
      }
    }
  },
  "dependencies": {
    "@polymer/font-roboto": {
      "version": "3.0.2",
      "resolved": "https://registry.npmjs.org/@polymer/font-roboto/-/font-roboto-3.0.2.tgz",
      "integrity": "sha512-tx5TauYSmzsIvmSqepUPDYbs4/Ejz2XbZ1IkD7JEGqkdNUJlh+9KU85G56Tfdk/xjEZ8zorFfN09OSwiMrIQWA==",
      "dev": true
    },
    "@polymer/iron-demo-helpers": {
      "version": "3.1.0",
      "resolved": "https://registry.npmjs.org/@polymer/iron-demo-helpers/-/iron-demo-helpers-3.1.0.tgz",
      "integrity": "sha512-C+U9ghRnjluJNLIga7r30YGNuQeCu7E7mOOcjgWOL/bMfWvrnbr2TcYoO4DXHO6NdUfV6daGtRA1VwG3d8H39g==",
      "dev": true,
      "requires": {
        "@polymer/font-roboto": "^3.0.0-pre.25",
        "@polymer/iron-flex-layout": "^3.0.0-pre.25",
        "@polymer/iron-location": "^3.0.0-pre.25",
        "@polymer/marked-element": "^3.0.0-pre.25",
        "@polymer/polymer": "^3.0.0",
        "@polymer/prism-element": "^3.0.0-pre.25"
      }
    },
    "@polymer/iron-flex-layout": {
      "version": "3.0.1",
      "resolved": "https://registry.npmjs.org/@polymer/iron-flex-layout/-/iron-flex-layout-3.0.1.tgz",
      "integrity": "sha512-7gB869czArF+HZcPTVSgvA7tXYFze9EKckvM95NB7SqYF+NnsQyhoXgKnpFwGyo95lUjUW9TFDLUwDXnCYFtkw==",
      "dev": true,
      "requires": {
        "@polymer/polymer": "^3.0.0"
      }
    },
    "@polymer/iron-location": {
      "version": "3.0.2",
      "resolved": "https://registry.npmjs.org/@polymer/iron-location/-/iron-location-3.0.2.tgz",
      "integrity": "sha512-75XlPsrm6RQUPNzWWaA0TnTQaWZUYX8UB4Q6WCjikKWzmaSCCxlBrVVYf8WRqtCxw/PeCvLn5kGL6qhTlNTCEA==",
      "dev": true,
      "requires": {
        "@polymer/polymer": "^3.0.0"
      }
    },
    "@polymer/marked-element": {
      "version": "3.0.1",
      "resolved": "https://registry.npmjs.org/@polymer/marked-element/-/marked-element-3.0.1.tgz",
      "integrity": "sha512-WJQzQetxdStVGQbyTBUBgd+hSI0Rl39uJg7b2zL3r6EfMnibzmA/YNT06M8jVZdxPF+B4SumrFWRtasVtGQRUQ==",
      "dev": true,
      "requires": {
        "@polymer/polymer": "^3.0.0",
        "marked": "~0.3.9"
      }
    },
    "@polymer/polymer": {
      "version": "3.4.1",
      "resolved": "https://registry.npmjs.org/@polymer/polymer/-/polymer-3.4.1.tgz",
      "integrity": "sha512-KPWnhDZibtqKrUz7enIPOiO4ZQoJNOuLwqrhV2MXzIt3VVnUVJVG5ORz4Z2sgO+UZ+/UZnPD0jqY+jmw/+a9mQ==",
      "requires": {
        "@webcomponents/shadycss": "^1.9.1"
      }
    },
    "@polymer/prism-element": {
      "version": "3.0.1",
      "resolved": "https://registry.npmjs.org/@polymer/prism-element/-/prism-element-3.0.1.tgz",
      "integrity": "sha512-mam3oZZwVoxmC8i2srCxaTsvCqZF2HX4yxbm1JN9OGZS2JMwu7bnjjk7O8haoj9u6w+ocUi+vTLjYeIIoPx7vQ==",
      "dev": true,
      "requires": {
        "@polymer/polymer": "^3.0.0",
        "prismjs": "^1.11.0"
      }
    },
    "@webcomponents/shadycss": {
      "version": "1.10.2",
      "resolved": "https://registry.npmjs.org/@webcomponents/shadycss/-/shadycss-1.10.2.tgz",
      "integrity": "sha512-9Iseu8bRtecb0klvv+WXZOVZatsRkbaH7M97Z+f+Pt909R4lDfgUODAnra23DOZTpeMTAkVpf4m/FZztN7Ox1A=="
    },
    "@webcomponents/webcomponentsjs": {
      "version": "2.5.0",
      "resolved": "https://registry.npmjs.org/@webcomponents/webcomponentsjs/-/webcomponentsjs-2.5.0.tgz",
      "integrity": "sha512-C0l51MWQZ9kLzcxOZtniOMohpIFdCLZum7/TEHv3XWFc1Fvt5HCpbSX84x8ltka/JuNKcuiDnxXFkiB2gaePcg==",
      "dev": true
    },
    "highcharts": {
      "version": "9.1.2",
      "resolved": "https://registry.npmjs.org/highcharts/-/highcharts-9.1.2.tgz",
      "integrity": "sha512-RwCnJnxAUCGG4R/WDG+QP/4VJNtOpkQTkXcuf58DjDvm9ZILplSMdZvrbMRC9Y9ecuJQCjjZsiifvyS5E2IBvQ=="
    },
    "marked": {
      "version": "0.3.19",
      "resolved": "https://registry.npmjs.org/marked/-/marked-0.3.19.tgz",
      "integrity": "sha512-ea2eGWOqNxPcXv8dyERdSr/6FmzvWwzjMxpfGB/sbMccXoct+xY+YukPD+QTUZwyvK7BZwcr4m21WBOW41pAkg==",
      "dev": true
    },
    "prismjs": {
      "version": "1.30.0",
      "resolved": "https://registry.npmjs.org/prismjs/-/prismjs-1.30.0.tgz",
      "integrity": "sha512-DEvV2ZF2r2/63V+tK8hQvrR2ZGn10srHbXviTlcv7Kpzw8jWiNTqbVgjO3IY8RxrrOUF8VPMQQFysYYYv0YZxw==",
      "dev": true
    }
  }
}
